
Microsoft Visual Studio Solution File, Format Version 12.00
# Visual Studio 15
VisualStudioVersion = 15.0.28307.1738
MinimumVisualStudioVersion = 10.0.40219.1
Project("{FAE04EC0-301F-11D3-BF4B-00C04F79EFBC}") = "Anti.LockScreen", "Anti.LockScreen.csproj", "{5E1D1568-A355-4D60-BC24-21D4B8CB480D}"
EndProject
Global
	GlobalSection(SolutionConfigurationPlatforms) = preSolution
		Debug|Any CPU = Debug|Any CPU
		Release|Any CPU = Release|Any CPU
	EndGlobalSection
	GlobalSection(ProjectConfigurationPlatforms) = postSolution
		{5E1D1568-A355-4D60-BC24-21D4B8CB480D}.Debug|Any CPU.ActiveCfg = Debug|Any CPU
		{5E1D1568-A355-4D60-BC24-21D4B8CB480D}.Debug|Any CPU.Build.0 = Debug|Any CPU
		{5E1D1568-A355-4D60-BC24-21D4B8CB480D}.Release|Any CPU.ActiveCfg = Release|Any CPU
		{5E1D1568-A355-4D60-BC24-21D4B8CB480D}.Release|Any CPU.Build.0 = Release|Any CPU
	EndGlobalSection
	GlobalSection(SolutionProperties) = preSolution
		HideSolutionNode = FALSE
	EndGlobalSection
	GlobalSection(ExtensibilityGlobals) = postSolution
		SolutionGuid = {DA9B8B46-58F6-44A8-92BB-C1143B5997C2}
	EndGlobalSection
EndGlobal
